<?xml version="1.0" encoding="utf-8"?>
<Project ToolsVersion="4.0" xmlns="http://schemas.microsoft.com/developer/msbuild/2003">
  <ItemGroup>
    <Filter Include="Source Files">
      <UniqueIdentifier>{4FC737F1-C7A5-4376-A066-2A32D752A2FF}</UniqueIdentifier>
      <Extensions>cpp;c;cc;cxx;c++;cppm;ixx;def;odl;idl;hpj;bat;asm;asmx</Extensions>
    </Filter>
    <Filter Include="Header Files">
      <UniqueIdentifier>{93995380-89BD-4b04-88EB-625FBE52EBFB}</UniqueIdentifier>
      <Extensions>h;hh;hpp;hxx;h++;hm;inl;inc;ipp;xsd</Extensions>
    </Filter>
    <Filter Include="Resource Files">
      <UniqueIdentifier>{67DA6AB6-F800-4c08-8B7A-83BB121AAD01}</UniqueIdentifier>
      <Extensions>rc;ico;cur;bmp;dlg;rc2;rct;bin;rgs;gif;jpg;jpeg;jpe;resx;tiff;tif;png;wav;mfcribbon-ms</Extensions>
    </Filter>
    <Filter Include="Source Files\external">
      <UniqueIdentifier>{329f92ce-27ad-4bd9-a099-abd9c587ab50}</UniqueIdentifier>
    </Filter>
    <Filter Include="Header Files\external">
      <UniqueIdentifier>{d8fccaeb-6431-4e6f-9e6d-c46cdb729936}</UniqueIdentifier>
    </Filter>
    <Filter Include="Header Files\main">
      <UniqueIdentifier>{a25e0611-c61d-4932-a81b-9df2bae07555}</UniqueIdentifier>
    </Filter>
    <Filter Include="Source Files\main">
      <UniqueIdentifier>{6511702f-4873-466c-9d7f-b2fbae50cbb2}</UniqueIdentifier>
    </Filter>
  </ItemGroup>
  <ItemGroup>
    <Image Include="small.ico">
      <Filter>Resource Files</Filter>
    </Image>
    <Image Include="LiveVideoMagnification.ico">
      <Filter>Resource Files</Filter>
    </Image>
  </ItemGroup>
  <ItemGroup>
    <ClCompile Include="external\qxtSlider\qxtglobal.cpp">
      <Filter>Source Files\external</Filter>
    </ClCompile>
    <ClCompile Include="external\qxtSlider\qxtspanslider.cpp">
      <Filter>Source Files\external</Filter>
    </ClCompile>
    <ClCompile Include="main\ui\CameraConnectDialog.cpp">
      <Filter>Source Files\main</Filter>
    </ClCompile>
    <ClCompile Include="main\ui\CameraView.cpp">
      <Filter>Source Files\main</Filter>
    </ClCompile>
    <ClCompile Include="main\ui\FrameLabel.cpp">
      <Filter>Source Files\main</Filter>
    </ClCompile>
    <ClCompile Include="main\ui\MagnifyOptions.cpp">
      <Filter>Source Files\main</Filter>
    </ClCompile>
    <ClCompile Include="main\ui\MainWindow.cpp">
      <Filter>Source Files\main</Filter>
    </ClCompile>
    <ClCompile Include="main\ui\VideoView.cpp">
      <Filter>Source Files\main</Filter>
    </ClCompile>
    <ClCompile Include="main\threads\CaptureThread.cpp">
      <Filter>Source Files\main</Filter>
    </ClCompile>
    <ClCompile Include="main\threads\PlayerThread.cpp">
      <Filter>Source Files\main</Filter>
    </ClCompile>
    <ClCompile Include="main\threads\ProcessingThread.cpp">
      <Filter>Source Files\main</Filter>
    </ClCompile>
    <ClCompile Include="main\threads\SavingThread.cpp">
      <Filter>Source Files\main</Filter>
    </ClCompile>
    <ClCompile Include="main\magnification\Magnificator.cpp">
      <Filter>Source Files\main</Filter>
    </ClCompile>
    <ClCompile Include="main\magnification\RieszPyramid.cpp">
      <Filter>Source Files\main</Filter>
    </ClCompile>
    <ClCompile Include="main\magnification\SpatialFilter.cpp">
      <Filter>Source Files\main</Filter>
    </ClCompile>
    <ClCompile Include="main\magnification\TemporalFilter.cpp">
      <Filter>Source Files\main</Filter>
    </ClCompile>
    <ClCompile Include="main\helper\MatToQImage.cpp">
      <Filter>Source Files\main</Filter>
    </ClCompile>
    <ClCompile Include="main\helper\SharedImageBuffer.cpp">
      <Filter>Source Files\main</Filter>
    </ClCompile>
  </ItemGroup>
  <ItemGroup>
    <ClInclude Include="external\qxtSlider\qxtglobal.h">
      <Filter>Header Files\external</Filter>
    </ClInclude>
    <ClInclude Include="external\qxtSlider\qxtnamespace.h">
      <Filter>Header Files\external</Filter>
    </ClInclude>
    <ClInclude Include="external\qxtSlider\qxtspanslider.h">
      <Filter>Header Files\external</Filter>
    </ClInclude>
    <ClInclude Include="external\qxtSlider\qxtspanslider_p.h">
      <Filter>Header Files\external</Filter>
    </ClInclude>
    <ClInclude Include="main\helper\ComplexMat.h">
      <Filter>Header Files\main</Filter>
    </ClInclude>
    <ClInclude Include="main\helper\MatToQImage.h">
      <Filter>Header Files\main</Filter>
    </ClInclude>
    <ClInclude Include="main\helper\SharedImageBuffer.h">
      <Filter>Header Files\main</Filter>
    </ClInclude>
    <ClInclude Include="main\magnification\Magnificator.h">
      <Filter>Header Files\main</Filter>
    </ClInclude>
    <ClInclude Include="main\magnification\RieszPyramid.h">
      <Filter>Header Files\main</Filter>
    </ClInclude>
    <ClInclude Include="main\magnification\SpatialFilter.h">
      <Filter>Header Files\main</Filter>
    </ClInclude>
    <ClInclude Include="main\magnification\TemporalFilter.h">
      <Filter>Header Files\main</Filter>
    </ClInclude>
    <ClInclude Include="main\other\Buffer.h">
      <Filter>Header Files\main</Filter>
    </ClInclude>
    <ClInclude Include="main\other\Config.h">
      <Filter>Header Files\main</Filter>
    </ClInclude>
    <ClInclude Include="main\other\Structures.h">
      <Filter>Header Files\main</Filter>
    </ClInclude>
    <ClInclude Include="main\threads\CaptureThread.h">
      <Filter>Header Files\main</Filter>
    </ClInclude>
    <ClInclude Include="main\threads\PlayerThread.h">
      <Filter>Header Files\main</Filter>
    </ClInclude>
    <ClInclude Include="main\threads\ProcessingThread.h">
      <Filter>Header Files\main</Filter>
    </ClInclude>
    <ClInclude Include="main\threads\SavingThread.h">
      <Filter>Header Files\main</Filter>
    </ClInclude>
    <ClInclude Include="main\ui\CameraConnectDialog.h">
      <Filter>Header Files\main</Filter>
    </ClInclude>
    <ClInclude Include="main\ui\CameraView.h">
      <Filter>Header Files\main</Filter>
    </ClInclude>
    <ClInclude Include="main\ui\FrameLabel.h">
      <Filter>Header Files\main</Filter>
    </ClInclude>
    <ClInclude Include="main\ui\MagnifyOptions.h">
      <Filter>Header Files\main</Filter>
    </ClInclude>
    <ClInclude Include="main\ui\MainWindow.h">
      <Filter>Header Files\main</Filter>
    </ClInclude>
    <ClInclude Include="main\ui\VideoView.h">
      <Filter>Header Files\main</Filter>
    </ClInclude>
  </ItemGroup>
  <ItemGroup>
    <None Include="main\ui\CameraConnectDialog.ui">
      <Filter>Header Files\main</Filter>
    </None>
    <None Include="main\ui\CameraView.ui">
      <Filter>Header Files\main</Filter>
    </None>
    <None Include="main\ui\MagnifyOptions.ui">
      <Filter>Header Files\main</Filter>
    </None>
    <None Include="main\ui\MainWindow.ui">
      <Filter>Header Files\main</Filter>
    </None>
    <None Include="main\ui\VideoView.ui">
      <Filter>Header Files\main</Filter>
    </None>
  </ItemGroup>
</Project>